
Microsoft Visual Studio Solution File, Format Version 12.00
# Visual Studio Version 17
VisualStudioVersion = 17.0.32014.148
MinimumVisualStudioVersion = 10.0.40219.1
Project("{FAE04EC0-301F-11D3-BF4B-00C04F79EFBC}") = "CafeShop.API", "CafeShop.API\CafeShop.API.csproj", "{FF6DF301-8203-4DEC-8D5D-C72C02ECB81E}"
EndProject
Global
	GlobalSection(SolutionConfigurationPlatforms) = preSolution
		Debug|Any CPU = Debug|Any CPU
		Release|Any CPU = Release|Any CPU
	EndGlobalSection
	GlobalSection(ProjectConfigurationPlatforms) = postSolution
		{FF6DF301-8203-4DEC-8D5D-C72C02ECB81E}.Debug|Any CPU.ActiveCfg = Debug|Any CPU
		{FF6DF301-8203-4DEC-8D5D-C72C02ECB81E}.Debug|Any CPU.Build.0 = Debug|Any CPU
		{FF6DF301-8203-4DEC-8D5D-C72C02ECB81E}.Release|Any CPU.ActiveCfg = Release|Any CPU
		{FF6DF301-8203-4DEC-8D5D-C72C02ECB81E}.Release|Any CPU.Build.0 = Release|Any CPU
	EndGlobalSection
	GlobalSection(SolutionProperties) = preSolution
		HideSolutionNode = FALSE
	EndGlobalSection
	GlobalSection(ExtensibilityGlobals) = postSolution
		SolutionGuid = {DD8A2F43-5328-4696-8804-A1769515F9A4}
	EndGlobalSection
EndGlobal
